
Microsoft Visual Studio Solution File, Format Version 12.00
# Visual Studio Version 16
VisualStudioVersion = 25.0.1700.7
MinimumVisualStudioVersion = 10.0.40219.1
Project("{FAE04EC0-301F-11D3-BF4B-00C04F79EFBC}") = "TestGitHub", "TestGitHub\TestGitHub.csproj", "{2F6191E6-9FBF-44E3-B459-EFE6B3345628}"
EndProject
Global
	GlobalSection(SolutionConfigurationPlatforms) = preSolution
		Debug|Any CPU = Debug|Any CPU
		Release|Any CPU = Release|Any CPU
	EndGlobalSection
	GlobalSection(ProjectConfigurationPlatforms) = postSolution
		{2F6191E6-9FBF-44E3-B459-EFE6B3345628}.Debug|Any CPU.ActiveCfg = Debug|Any CPU
		{2F6191E6-9FBF-44E3-B459-EFE6B3345628}.Debug|Any CPU.Build.0 = Debug|Any CPU
		{2F6191E6-9FBF-44E3-B459-EFE6B3345628}.Release|Any CPU.ActiveCfg = Release|Any CPU
		{2F6191E6-9FBF-44E3-B459-EFE6B3345628}.Release|Any CPU.Build.0 = Release|Any CPU
	EndGlobalSection
	GlobalSection(SolutionProperties) = preSolution
		HideSolutionNode = FALSE
	EndGlobalSection
	GlobalSection(ExtensibilityGlobals) = postSolution
		SolutionGuid = {B4381227-C1F4-4D6F-8A53-C333F4FDB92D}
	EndGlobalSection
EndGlobal
